
Microsoft Visual Studio Solution File, Format Version 12.00
# Visual Studio Version 16
VisualStudioVersion = 16.0.28729.10
MinimumVisualStudioVersion = 10.0.40219.1
Project("{9A19103F-16F7-4668-BE54-9A1E7A4F7556}") = "Aju.Carefree.Models", "Aju.Carefree.Models\Aju.Carefree.Models.csproj", "{20D86A91-9A59-4C2C-9D33-3EC6A1DB8F22}"
EndProject
Project("{9A19103F-16F7-4668-BE54-9A1E7A4F7556}") = "Aju.Carefree.Common", "Aju.Carefree.Common\Aju.Carefree.Common.csproj", "{E341BC70-E4C4-470A-B9F4-DD6840DE66DA}"
EndProject
Project("{9A19103F-16F7-4668-BE54-9A1E7A4F7556}") = "Aju.Carefree.IRepositories", "Aju.Carefree.IRepositories\Aju.Carefree.IRepositories.csproj", "{64BB9202-E18C-44C4-8B03-06EA6E28C205}"
EndProject
Project("{9A19103F-16F7-4668-BE54-9A1E7A4F7556}") = "Aju.Carefree.Repositories", "Aju.Carefree.Repositories\Aju.Carefree.Repositories.csproj", "{4AB8C390-FC2E-4A58-A75A-2DD8C2DA2C08}"
EndProject
Project("{9A19103F-16F7-4668-BE54-9A1E7A4F7556}") = "Aju.Carefree.WebManager", "Aju.Carefree.WebManager\Aju.Carefree.WebManager.csproj", "{D8705A57-E5F7-4D2D-9292-7E3F3E254335}"
EndProject
Project("{9A19103F-16F7-4668-BE54-9A1E7A4F7556}") = "Aju.Carefree.IServices", "Aju.Carefree.IServices\Aju.Carefree.IServices.csproj", "{CB7DBC35-B76D-49D0-ABCA-7ED8D443FBD3}"
EndProject
Project("{9A19103F-16F7-4668-BE54-9A1E7A4F7556}") = "Aju.Carefree.Services", "Aju.Carefree.Services\Aju.Carefree.Services.csproj", "{107E5420-A05A-489A-9E1B-FCA25D2A2815}"
EndProject
Project("{2150E333-8FDC-42A3-9474-1A3956D46DE8}") = "UI", "UI", "{A273EAE2-C05C-4E89-81EE-4C3727133A3A}"
EndProject
Project("{2150E333-8FDC-42A3-9474-1A3956D46DE8}") = "Application", "Application", "{DAFB2C79-BB0E-428F-ABEA-0779D30D5775}"
EndProject
Project("{2150E333-8FDC-42A3-9474-1A3956D46DE8}") = "Repository", "Repository", "{E7BD9185-F12F-4D9A-8821-335623348D2F}"
EndProject
Project("{2150E333-8FDC-42A3-9474-1A3956D46DE8}") = "Entity", "Entity", "{FB70001D-9EF3-4037-8E20-1523B46D2BED}"
EndProject
Project("{2150E333-8FDC-42A3-9474-1A3956D46DE8}") = "Infrastructure", "Infrastructure", "{28B18E0B-B0C3-4A6F-8446-01A54055A818}"
EndProject
Project("{9A19103F-16F7-4668-BE54-9A1E7A4F7556}") = "Aju.Carefree.AutoMapperConfig", "Aju.Carefree.AutoMapperConfig\Aju.Carefree.AutoMapperConfig.csproj", "{51783790-FB2E-4587-9448-79E37251FBD8}"
EndProject
Project("{9A19103F-16F7-4668-BE54-9A1E7A4F7556}") = "Aju.Carefree.Dto", "Aju.Carefree.Dto\Aju.Carefree.Dto.csproj", "{BBE4FD41-3C74-46AF-804F-269DC9888040}"
EndProject
Project("{9A19103F-16F7-4668-BE54-9A1E7A4F7556}") = "Aju.Carefree.Cache", "Aju.Carefree.Cache\Aju.Carefree.Cache.csproj", "{3FCFDC8C-E35C-4A88-8293-F83BEEA8FD52}"
EndProject
Project("{9A19103F-16F7-4668-BE54-9A1E7A4F7556}") = "Aju.Carefree.GenerateDatabase", "Aju.Carefree.GenerateDatabase\Aju.Carefree.GenerateDatabase.csproj", "{D708651E-211F-4997-B703-38A8712D111B}"
EndProject
Project("{2150E333-8FDC-42A3-9474-1A3956D46DE8}") = "Microservice", "Microservice", "{CBF506BC-231C-4AAC-9E9D-FBF1CE2B8501}"
EndProject
Project("{9A19103F-16F7-4668-BE54-9A1E7A4F7556}") = "Aju.Carefree.IdentityServer", "Aju.Carefree.IdentityServer\Aju.Carefree.IdentityServer.csproj", "{524D012B-0748-4E80-BCD0-DCF55AD24CC4}"
EndProject
Project("{9A19103F-16F7-4668-BE54-9A1E7A4F7556}") = "Aju.Carefree.Api", "Aju.Carefree.Api\Aju.Carefree.Api.csproj", "{14F7552B-0C85-4EAA-BFF4-B247FA1EADF2}"
EndProject
Project("{2150E333-8FDC-42A3-9474-1A3956D46DE8}") = "Test", "Test", "{DC755F9A-510F-4461-B764-D28D85BFCB27}"
EndProject
Project("{9A19103F-16F7-4668-BE54-9A1E7A4F7556}") = "Aju.Carefree.IdentityServerClient", "Aju.Carefree.IdentityServerClient\Aju.Carefree.IdentityServerClient.csproj", "{E083E191-A9BB-4908-8B18-B5CC203E8430}"
EndProject
Project("{FAE04EC0-301F-11D3-BF4B-00C04F79EFBC}") = "Aju.Carefree.Web", "Aju.Carefree.Web\Aju.Carefree.Web.csproj", "{F35352FF-6332-4A1F-BD4B-82351AB886CA}"
EndProject
Global
	GlobalSection(SolutionConfigurationPlatforms) = preSolution
		Debug|Any CPU = Debug|Any CPU
		Release|Any CPU = Release|Any CPU
	EndGlobalSection
	GlobalSection(ProjectConfigurationPlatforms) = postSolution
		{20D86A91-9A59-4C2C-9D33-3EC6A1DB8F22}.Debug|Any CPU.ActiveCfg = Debug|Any CPU
		{20D86A91-9A59-4C2C-9D33-3EC6A1DB8F22}.Debug|Any CPU.Build.0 = Debug|Any CPU
		{20D86A91-9A59-4C2C-9D33-3EC6A1DB8F22}.Release|Any CPU.ActiveCfg = Release|Any CPU
		{20D86A91-9A59-4C2C-9D33-3EC6A1DB8F22}.Release|Any CPU.Build.0 = Release|Any CPU
		{E341BC70-E4C4-470A-B9F4-DD6840DE66DA}.Debug|Any CPU.ActiveCfg = Debug|Any CPU
		{E341BC70-E4C4-470A-B9F4-DD6840DE66DA}.Debug|Any CPU.Build.0 = Debug|Any CPU
		{E341BC70-E4C4-470A-B9F4-DD6840DE66DA}.Release|Any CPU.ActiveCfg = Release|Any CPU
		{E341BC70-E4C4-470A-B9F4-DD6840DE66DA}.Release|Any CPU.Build.0 = Release|Any CPU
		{64BB9202-E18C-44C4-8B03-06EA6E28C205}.Debug|Any CPU.ActiveCfg = Debug|Any CPU
		{64BB9202-E18C-44C4-8B03-06EA6E28C205}.Debug|Any CPU.Build.0 = Debug|Any CPU
		{64BB9202-E18C-44C4-8B03-06EA6E28C205}.Release|Any CPU.ActiveCfg = Release|Any CPU
		{64BB9202-E18C-44C4-8B03-06EA6E28C205}.Release|Any CPU.Build.0 = Release|Any CPU
		{4AB8C390-FC2E-4A58-A75A-2DD8C2DA2C08}.Debug|Any CPU.ActiveCfg = Debug|Any CPU
		{4AB8C390-FC2E-4A58-A75A-2DD8C2DA2C08}.Debug|Any CPU.Build.0 = Debug|Any CPU
		{4AB8C390-FC2E-4A58-A75A-2DD8C2DA2C08}.Release|Any CPU.ActiveCfg = Release|Any CPU
		{4AB8C390-FC2E-4A58-A75A-2DD8C2DA2C08}.Release|Any CPU.Build.0 = Release|Any CPU
		{D8705A57-E5F7-4D2D-9292-7E3F3E254335}.Debug|Any CPU.ActiveCfg = Debug|Any CPU
		{D8705A57-E5F7-4D2D-9292-7E3F3E254335}.Debug|Any CPU.Build.0 = Debug|Any CPU
		{D8705A57-E5F7-4D2D-9292-7E3F3E254335}.Release|Any CPU.ActiveCfg = Release|Any CPU
		{D8705A57-E5F7-4D2D-9292-7E3F3E254335}.Release|Any CPU.Build.0 = Release|Any CPU
		{CB7DBC35-B76D-49D0-ABCA-7ED8D443FBD3}.Debug|Any CPU.ActiveCfg = Debug|Any CPU
		{CB7DBC35-B76D-49D0-ABCA-7ED8D443FBD3}.Debug|Any CPU.Build.0 = Debug|Any CPU
		{CB7DBC35-B76D-49D0-ABCA-7ED8D443FBD3}.Release|Any CPU.ActiveCfg = Release|Any CPU
		{CB7DBC35-B76D-49D0-ABCA-7ED8D443FBD3}.Release|Any CPU.Build.0 = Release|Any CPU
		{107E5420-A05A-489A-9E1B-FCA25D2A2815}.Debug|Any CPU.ActiveCfg = Debug|Any CPU
		{107E5420-A05A-489A-9E1B-FCA25D2A2815}.Debug|Any CPU.Build.0 = Debug|Any CPU
		{107E5420-A05A-489A-9E1B-FCA25D2A2815}.Release|Any CPU.ActiveCfg = Release|Any CPU
		{107E5420-A05A-489A-9E1B-FCA25D2A2815}.Release|Any CPU.Build.0 = Release|Any CPU
		{51783790-FB2E-4587-9448-79E37251FBD8}.Debug|Any CPU.ActiveCfg = Debug|Any CPU
		{51783790-FB2E-4587-9448-79E37251FBD8}.Debug|Any CPU.Build.0 = Debug|Any CPU
		{51783790-FB2E-4587-9448-79E37251FBD8}.Release|Any CPU.ActiveCfg = Release|Any CPU
		{51783790-FB2E-4587-9448-79E37251FBD8}.Release|Any CPU.Build.0 = Release|Any CPU
		{BBE4FD41-3C74-46AF-804F-269DC9888040}.Debug|Any CPU.ActiveCfg = Debug|Any CPU
		{BBE4FD41-3C74-46AF-804F-269DC9888040}.Debug|Any CPU.Build.0 = Debug|Any CPU
		{BBE4FD41-3C74-46AF-804F-269DC9888040}.Release|Any CPU.ActiveCfg = Release|Any CPU
		{BBE4FD41-3C74-46AF-804F-269DC9888040}.Release|Any CPU.Build.0 = Release|Any CPU
		{3FCFDC8C-E35C-4A88-8293-F83BEEA8FD52}.Debug|Any CPU.ActiveCfg = Debug|Any CPU
		{3FCFDC8C-E35C-4A88-8293-F83BEEA8FD52}.Debug|Any CPU.Build.0 = Debug|Any CPU
		{3FCFDC8C-E35C-4A88-8293-F83BEEA8FD52}.Release|Any CPU.ActiveCfg = Release|Any CPU
		{3FCFDC8C-E35C-4A88-8293-F83BEEA8FD52}.Release|Any CPU.Build.0 = Release|Any CPU
		{D708651E-211F-4997-B703-38A8712D111B}.Debug|Any CPU.ActiveCfg = Debug|Any CPU
		{D708651E-211F-4997-B703-38A8712D111B}.Debug|Any CPU.Build.0 = Debug|Any CPU
		{D708651E-211F-4997-B703-38A8712D111B}.Release|Any CPU.ActiveCfg = Release|Any CPU
		{D708651E-211F-4997-B703-38A8712D111B}.Release|Any CPU.Build.0 = Release|Any CPU
		{524D012B-0748-4E80-BCD0-DCF55AD24CC4}.Debug|Any CPU.ActiveCfg = Debug|Any CPU
		{524D012B-0748-4E80-BCD0-DCF55AD24CC4}.Debug|Any CPU.Build.0 = Debug|Any CPU
		{524D012B-0748-4E80-BCD0-DCF55AD24CC4}.Release|Any CPU.ActiveCfg = Release|Any CPU
		{524D012B-0748-4E80-BCD0-DCF55AD24CC4}.Release|Any CPU.Build.0 = Release|Any CPU
		{14F7552B-0C85-4EAA-BFF4-B247FA1EADF2}.Debug|Any CPU.ActiveCfg = Debug|Any CPU
		{14F7552B-0C85-4EAA-BFF4-B247FA1EADF2}.Debug|Any CPU.Build.0 = Debug|Any CPU
		{14F7552B-0C85-4EAA-BFF4-B247FA1EADF2}.Release|Any CPU.ActiveCfg = Release|Any CPU
		{14F7552B-0C85-4EAA-BFF4-B247FA1EADF2}.Release|Any CPU.Build.0 = Release|Any CPU
		{E083E191-A9BB-4908-8B18-B5CC203E8430}.Debug|Any CPU.ActiveCfg = Debug|Any CPU
		{E083E191-A9BB-4908-8B18-B5CC203E8430}.Debug|Any CPU.Build.0 = Debug|Any CPU
		{E083E191-A9BB-4908-8B18-B5CC203E8430}.Release|Any CPU.ActiveCfg = Release|Any CPU
		{E083E191-A9BB-4908-8B18-B5CC203E8430}.Release|Any CPU.Build.0 = Release|Any CPU
		{F35352FF-6332-4A1F-BD4B-82351AB886CA}.Debug|Any CPU.ActiveCfg = Debug|Any CPU
		{F35352FF-6332-4A1F-BD4B-82351AB886CA}.Debug|Any CPU.Build.0 = Debug|Any CPU
		{F35352FF-6332-4A1F-BD4B-82351AB886CA}.Release|Any CPU.ActiveCfg = Release|Any CPU
		{F35352FF-6332-4A1F-BD4B-82351AB886CA}.Release|Any CPU.Build.0 = Release|Any CPU
	EndGlobalSection
	GlobalSection(SolutionProperties) = preSolution
		HideSolutionNode = FALSE
	EndGlobalSection
	GlobalSection(NestedProjects) = preSolution
		{20D86A91-9A59-4C2C-9D33-3EC6A1DB8F22} = {FB70001D-9EF3-4037-8E20-1523B46D2BED}
		{E341BC70-E4C4-470A-B9F4-DD6840DE66DA} = {28B18E0B-B0C3-4A6F-8446-01A54055A818}
		{64BB9202-E18C-44C4-8B03-06EA6E28C205} = {E7BD9185-F12F-4D9A-8821-335623348D2F}
		{4AB8C390-FC2E-4A58-A75A-2DD8C2DA2C08} = {E7BD9185-F12F-4D9A-8821-335623348D2F}
		{D8705A57-E5F7-4D2D-9292-7E3F3E254335} = {A273EAE2-C05C-4E89-81EE-4C3727133A3A}
		{CB7DBC35-B76D-49D0-ABCA-7ED8D443FBD3} = {DAFB2C79-BB0E-428F-ABEA-0779D30D5775}
		{107E5420-A05A-489A-9E1B-FCA25D2A2815} = {DAFB2C79-BB0E-428F-ABEA-0779D30D5775}
		{51783790-FB2E-4587-9448-79E37251FBD8} = {28B18E0B-B0C3-4A6F-8446-01A54055A818}
		{BBE4FD41-3C74-46AF-804F-269DC9888040} = {FB70001D-9EF3-4037-8E20-1523B46D2BED}
		{3FCFDC8C-E35C-4A88-8293-F83BEEA8FD52} = {DAFB2C79-BB0E-428F-ABEA-0779D30D5775}
		{D708651E-211F-4997-B703-38A8712D111B} = {A273EAE2-C05C-4E89-81EE-4C3727133A3A}
		{524D012B-0748-4E80-BCD0-DCF55AD24CC4} = {CBF506BC-231C-4AAC-9E9D-FBF1CE2B8501}
		{14F7552B-0C85-4EAA-BFF4-B247FA1EADF2} = {A273EAE2-C05C-4E89-81EE-4C3727133A3A}
		{E083E191-A9BB-4908-8B18-B5CC203E8430} = {DC755F9A-510F-4461-B764-D28D85BFCB27}
		{F35352FF-6332-4A1F-BD4B-82351AB886CA} = {A273EAE2-C05C-4E89-81EE-4C3727133A3A}
	EndGlobalSection
	GlobalSection(ExtensibilityGlobals) = postSolution
		SolutionGuid = {4E01A333-AC31-4CB3-856A-584D5F9F3974}
	EndGlobalSection
EndGlobal
